
Microsoft Visual Studio Solution File, Format Version 12.00
# Visual Studio 15
VisualStudioVersion = 15.0.26430.14
MinimumVisualStudioVersion = 10.0.40219.1
Project("{FAE04EC0-301F-11D3-BF4B-00C04F79EFBC}") = "MJN_Lab7_CollectionsHash_List", "MJN_Lab7_CollectionsHash_List\MJN_Lab7_CollectionsHash_List.csproj", "{EFA4D32D-1636-4847-9A54-637085BF568E}"
EndProject
Global
	GlobalSection(SolutionConfigurationPlatforms) = preSolution
		Debug|Any CPU = Debug|Any CPU
		Release|Any CPU = Release|Any CPU
	EndGlobalSection
	GlobalSection(ProjectConfigurationPlatforms) = postSolution
		{EFA4D32D-1636-4847-9A54-637085BF568E}.Debug|Any CPU.ActiveCfg = Debug|Any CPU
		{EFA4D32D-1636-4847-9A54-637085BF568E}.Debug|Any CPU.Build.0 = Debug|Any CPU
		{EFA4D32D-1636-4847-9A54-637085BF568E}.Release|Any CPU.ActiveCfg = Release|Any CPU
		{EFA4D32D-1636-4847-9A54-637085BF568E}.Release|Any CPU.Build.0 = Release|Any CPU
	EndGlobalSection
	GlobalSection(SolutionProperties) = preSolution
		HideSolutionNode = FALSE
	EndGlobalSection
EndGlobal
